
Microsoft Visual Studio Solution File, Format Version 12.00
# Visual Studio Version 17
VisualStudioVersion = 17.9.34723.18
MinimumVisualStudioVersion = 10.0.40219.1
Project("{2150E333-8FDC-42A3-9474-1A3956D46DE8}") = "Infrastructure", "Infrastructure", "{B82D8E40-7749-4931-86D3-34AE055C2FDE}"
EndProject
Project("{2150E333-8FDC-42A3-9474-1A3956D46DE8}") = "Application", "Application", "{76886DF8-80DA-47FE-A83A-20860A1026E4}"
EndProject
Project("{2150E333-8FDC-42A3-9474-1A3956D46DE8}") = "Domain", "Domain", "{B14A0E71-A4F6-47DF-8514-B7B867D2E975}"
EndProject
Project("{2150E333-8FDC-42A3-9474-1A3956D46DE8}") = "Presentation", "Presentation", "{156CB3CD-E05C-4710-932C-5E6BDFA4A99A}"
EndProject
Project("{9A19103F-16F7-4668-BE54-9A1E7A4F7556}") = "KT.Presentation.API", "KT.Presentation.API\KT.Presentation.API.csproj", "{D626CFCE-E3CF-4179-AFC0-4DAA893E5DC5}"
EndProject
Project("{9A19103F-16F7-4668-BE54-9A1E7A4F7556}") = "KT.Infrastructure", "KT.Infrastructure\KT.Infrastructure.csproj", "{9776EAF3-5109-4E00-8972-A97DF006A02F}"
EndProject
Project("{9A19103F-16F7-4668-BE54-9A1E7A4F7556}") = "KT.Presentation.Contracts", "KT.Presentation.Contracts\KT.Presentation.Contracts.csproj", "{87E6FA5C-996C-4F76-8252-3D735843F23E}"
EndProject
Project("{9A19103F-16F7-4668-BE54-9A1E7A4F7556}") = "KT.Application", "KT.Application\KT.Application.csproj", "{C89CE206-80A5-471B-B8C0-3E1ADBEA6EAC}"
EndProject
Project("{9A19103F-16F7-4668-BE54-9A1E7A4F7556}") = "KT.Domain", "KT.Domain\KT.Domain.csproj", "{E1D6B661-3FCB-45AE-BCC4-09718F06738F}"
EndProject
Project("{2150E333-8FDC-42A3-9474-1A3956D46DE8}") = "Docs", "Docs", "{27B77F21-89D9-4F4D-AB4D-535C8773671D}"
	ProjectSection(SolutionItems) = preProject
		Api.md = Api.md
	EndProjectSection
EndProject
Project("{2150E333-8FDC-42A3-9474-1A3956D46DE8}") = "Solution Items", "Solution Items", "{ACC78B45-0AD1-43DD-99A6-B2FCE1C98865}"
	ProjectSection(SolutionItems) = preProject
		.gitignore = .gitignore
	EndProjectSection
EndProject
Project("{FAE04EC0-301F-11D3-BF4B-00C04F79EFBC}") = "KT.Presentation.API.Tests", "Presentation\KT.Presentation.API.Tests\KT.Presentation.API.Tests.csproj", "{1DC3202A-FD6B-44D2-B123-020736CA5115}"
EndProject
Project("{FAE04EC0-301F-11D3-BF4B-00C04F79EFBC}") = "KT.Infrastructure.Tests", "Infrastructure\KT.Infrastructure.Tests\KT.Infrastructure.Tests.csproj", "{D4069A45-4FC6-4125-B13B-E9DA42633008}"
EndProject
Project("{FAE04EC0-301F-11D3-BF4B-00C04F79EFBC}") = "KT.Domain.Tests", "Domain\KT.Domain.Tests\KT.Domain.Tests.csproj", "{3BD98683-DABE-4548-9D6B-97E6E8B25FF6}"
EndProject
Project("{FAE04EC0-301F-11D3-BF4B-00C04F79EFBC}") = "KT.Application.Tests", "Application\KT.Application.Tests\KT.Application.Tests.csproj", "{B349B443-72AD-4C6C-A104-E0092FB1D942}"
EndProject
Global
	GlobalSection(SolutionConfigurationPlatforms) = preSolution
		Debug|Any CPU = Debug|Any CPU
		Release|Any CPU = Release|Any CPU
	EndGlobalSection
	GlobalSection(ProjectConfigurationPlatforms) = postSolution
		{D626CFCE-E3CF-4179-AFC0-4DAA893E5DC5}.Debug|Any CPU.ActiveCfg = Debug|Any CPU
		{D626CFCE-E3CF-4179-AFC0-4DAA893E5DC5}.Debug|Any CPU.Build.0 = Debug|Any CPU
		{D626CFCE-E3CF-4179-AFC0-4DAA893E5DC5}.Release|Any CPU.ActiveCfg = Release|Any CPU
		{D626CFCE-E3CF-4179-AFC0-4DAA893E5DC5}.Release|Any CPU.Build.0 = Release|Any CPU
		{9776EAF3-5109-4E00-8972-A97DF006A02F}.Debug|Any CPU.ActiveCfg = Debug|Any CPU
		{9776EAF3-5109-4E00-8972-A97DF006A02F}.Debug|Any CPU.Build.0 = Debug|Any CPU
		{9776EAF3-5109-4E00-8972-A97DF006A02F}.Release|Any CPU.ActiveCfg = Release|Any CPU
		{9776EAF3-5109-4E00-8972-A97DF006A02F}.Release|Any CPU.Build.0 = Release|Any CPU
		{87E6FA5C-996C-4F76-8252-3D735843F23E}.Debug|Any CPU.ActiveCfg = Debug|Any CPU
		{87E6FA5C-996C-4F76-8252-3D735843F23E}.Debug|Any CPU.Build.0 = Debug|Any CPU
		{87E6FA5C-996C-4F76-8252-3D735843F23E}.Release|Any CPU.ActiveCfg = Release|Any CPU
		{87E6FA5C-996C-4F76-8252-3D735843F23E}.Release|Any CPU.Build.0 = Release|Any CPU
		{C89CE206-80A5-471B-B8C0-3E1ADBEA6EAC}.Debug|Any CPU.ActiveCfg = Debug|Any CPU
		{C89CE206-80A5-471B-B8C0-3E1ADBEA6EAC}.Debug|Any CPU.Build.0 = Debug|Any CPU
		{C89CE206-80A5-471B-B8C0-3E1ADBEA6EAC}.Release|Any CPU.ActiveCfg = Release|Any CPU
		{C89CE206-80A5-471B-B8C0-3E1ADBEA6EAC}.Release|Any CPU.Build.0 = Release|Any CPU
		{E1D6B661-3FCB-45AE-BCC4-09718F06738F}.Debug|Any CPU.ActiveCfg = Debug|Any CPU
		{E1D6B661-3FCB-45AE-BCC4-09718F06738F}.Debug|Any CPU.Build.0 = Debug|Any CPU
		{E1D6B661-3FCB-45AE-BCC4-09718F06738F}.Release|Any CPU.ActiveCfg = Release|Any CPU
		{E1D6B661-3FCB-45AE-BCC4-09718F06738F}.Release|Any CPU.Build.0 = Release|Any CPU
		{1DC3202A-FD6B-44D2-B123-020736CA5115}.Debug|Any CPU.ActiveCfg = Debug|Any CPU
		{1DC3202A-FD6B-44D2-B123-020736CA5115}.Debug|Any CPU.Build.0 = Debug|Any CPU
		{1DC3202A-FD6B-44D2-B123-020736CA5115}.Release|Any CPU.ActiveCfg = Release|Any CPU
		{1DC3202A-FD6B-44D2-B123-020736CA5115}.Release|Any CPU.Build.0 = Release|Any CPU
		{D4069A45-4FC6-4125-B13B-E9DA42633008}.Debug|Any CPU.ActiveCfg = Debug|Any CPU
		{D4069A45-4FC6-4125-B13B-E9DA42633008}.Debug|Any CPU.Build.0 = Debug|Any CPU
		{D4069A45-4FC6-4125-B13B-E9DA42633008}.Release|Any CPU.ActiveCfg = Release|Any CPU
		{D4069A45-4FC6-4125-B13B-E9DA42633008}.Release|Any CPU.Build.0 = Release|Any CPU
		{3BD98683-DABE-4548-9D6B-97E6E8B25FF6}.Debug|Any CPU.ActiveCfg = Debug|Any CPU
		{3BD98683-DABE-4548-9D6B-97E6E8B25FF6}.Debug|Any CPU.Build.0 = Debug|Any CPU
		{3BD98683-DABE-4548-9D6B-97E6E8B25FF6}.Release|Any CPU.ActiveCfg = Release|Any CPU
		{3BD98683-DABE-4548-9D6B-97E6E8B25FF6}.Release|Any CPU.Build.0 = Release|Any CPU
		{B349B443-72AD-4C6C-A104-E0092FB1D942}.Debug|Any CPU.ActiveCfg = Debug|Any CPU
		{B349B443-72AD-4C6C-A104-E0092FB1D942}.Debug|Any CPU.Build.0 = Debug|Any CPU
		{B349B443-72AD-4C6C-A104-E0092FB1D942}.Release|Any CPU.ActiveCfg = Release|Any CPU
		{B349B443-72AD-4C6C-A104-E0092FB1D942}.Release|Any CPU.Build.0 = Release|Any CPU
	EndGlobalSection
	GlobalSection(SolutionProperties) = preSolution
		HideSolutionNode = FALSE
	EndGlobalSection
	GlobalSection(NestedProjects) = preSolution
		{D626CFCE-E3CF-4179-AFC0-4DAA893E5DC5} = {156CB3CD-E05C-4710-932C-5E6BDFA4A99A}
		{9776EAF3-5109-4E00-8972-A97DF006A02F} = {B82D8E40-7749-4931-86D3-34AE055C2FDE}
		{87E6FA5C-996C-4F76-8252-3D735843F23E} = {156CB3CD-E05C-4710-932C-5E6BDFA4A99A}
		{C89CE206-80A5-471B-B8C0-3E1ADBEA6EAC} = {76886DF8-80DA-47FE-A83A-20860A1026E4}
		{E1D6B661-3FCB-45AE-BCC4-09718F06738F} = {B14A0E71-A4F6-47DF-8514-B7B867D2E975}
		{1DC3202A-FD6B-44D2-B123-020736CA5115} = {156CB3CD-E05C-4710-932C-5E6BDFA4A99A}
		{D4069A45-4FC6-4125-B13B-E9DA42633008} = {B82D8E40-7749-4931-86D3-34AE055C2FDE}
		{3BD98683-DABE-4548-9D6B-97E6E8B25FF6} = {B14A0E71-A4F6-47DF-8514-B7B867D2E975}
		{B349B443-72AD-4C6C-A104-E0092FB1D942} = {76886DF8-80DA-47FE-A83A-20860A1026E4}
	EndGlobalSection
	GlobalSection(ExtensibilityGlobals) = postSolution
		SolutionGuid = {EA62A650-B8DF-48B5-B95D-3C8D9507144E}
	EndGlobalSection
EndGlobal
