
Microsoft Visual Studio Solution File, Format Version 12.00
# Visual Studio Version 17
VisualStudioVersion = 17.9.34723.18
MinimumVisualStudioVersion = 10.0.40219.1
Project("{2150E333-8FDC-42A3-9474-1A3956D46DE8}") = "Application", "Application", "{D04F48C6-1AEB-408F-B10D-2D03B6E372D5}"
EndProject
Project("{FAE04EC0-301F-11D3-BF4B-00C04F79EFBC}") = "KT.Application", "Application\KT.Application\KT.Application.csproj", "{4E1F83A8-6E79-47E4-AE62-C693627BBFD4}"
EndProject
Project("{FAE04EC0-301F-11D3-BF4B-00C04F79EFBC}") = "KT.Application.Tests", "Application\KT.Application.Tests\KT.Application.Tests.csproj", "{AD865925-24AC-4919-803A-6A8B81BCE07C}"
EndProject
Project("{2150E333-8FDC-42A3-9474-1A3956D46DE8}") = "Domain", "Domain", "{3B9C5FFE-9419-4C9A-9FBC-57F871F17712}"
EndProject
Project("{FAE04EC0-301F-11D3-BF4B-00C04F79EFBC}") = "KT.Domain", "Domain\KT.Domain\KT.Domain.csproj", "{BC091E31-6475-4D96-ADA4-51CDECC08791}"
EndProject
Project("{2150E333-8FDC-42A3-9474-1A3956D46DE8}") = "Infrastructure", "Infrastructure", "{3A64E71D-3137-4ADA-8A46-B6CB10FA48C0}"
EndProject
Project("{FAE04EC0-301F-11D3-BF4B-00C04F79EFBC}") = "KT.Infrastructure", "Infrastructure\KT.Infrastructure\KT.Infrastructure.csproj", "{6E61EC2D-6A27-46FE-A314-F03D58BD9A39}"
EndProject
Project("{2150E333-8FDC-42A3-9474-1A3956D46DE8}") = "Presentation", "Presentation", "{89444506-C907-4862-838D-8ACDDA1F0928}"
EndProject
Project("{FAE04EC0-301F-11D3-BF4B-00C04F79EFBC}") = "KT.Presentation.API", "Presentation\KT.Presentation.API\KT.Presentation.API.csproj", "{4D2971E4-01C3-465C-8492-017381876538}"
EndProject
Project("{FAE04EC0-301F-11D3-BF4B-00C04F79EFBC}") = "KT.Presentation.Contracts", "Presentation\KT.Presentation.Contracts\KT.Presentation.Contracts.csproj", "{7748483C-E214-4E00-A974-1B8A3BE99CBE}"
EndProject
Project("{2150E333-8FDC-42A3-9474-1A3956D46DE8}") = "Common", "Common", "{DE4647E0-7703-4A34-919F-F703DBAE50BD}"
EndProject
Project("{FAE04EC0-301F-11D3-BF4B-00C04F79EFBC}") = "KT.Common.Enums", "Common\KT.Common.Enums\KT.Common.Enums.csproj", "{DA76787D-38C4-485B-8A4D-B8975E41174B}"
EndProject
Global
	GlobalSection(SolutionConfigurationPlatforms) = preSolution
		Debug|Any CPU = Debug|Any CPU
		Release|Any CPU = Release|Any CPU
	EndGlobalSection
	GlobalSection(ProjectConfigurationPlatforms) = postSolution
		{4E1F83A8-6E79-47E4-AE62-C693627BBFD4}.Debug|Any CPU.ActiveCfg = Debug|Any CPU
		{4E1F83A8-6E79-47E4-AE62-C693627BBFD4}.Debug|Any CPU.Build.0 = Debug|Any CPU
		{4E1F83A8-6E79-47E4-AE62-C693627BBFD4}.Release|Any CPU.ActiveCfg = Release|Any CPU
		{4E1F83A8-6E79-47E4-AE62-C693627BBFD4}.Release|Any CPU.Build.0 = Release|Any CPU
		{AD865925-24AC-4919-803A-6A8B81BCE07C}.Debug|Any CPU.ActiveCfg = Debug|Any CPU
		{AD865925-24AC-4919-803A-6A8B81BCE07C}.Debug|Any CPU.Build.0 = Debug|Any CPU
		{AD865925-24AC-4919-803A-6A8B81BCE07C}.Release|Any CPU.ActiveCfg = Release|Any CPU
		{AD865925-24AC-4919-803A-6A8B81BCE07C}.Release|Any CPU.Build.0 = Release|Any CPU
		{BC091E31-6475-4D96-ADA4-51CDECC08791}.Debug|Any CPU.ActiveCfg = Debug|Any CPU
		{BC091E31-6475-4D96-ADA4-51CDECC08791}.Debug|Any CPU.Build.0 = Debug|Any CPU
		{BC091E31-6475-4D96-ADA4-51CDECC08791}.Release|Any CPU.ActiveCfg = Release|Any CPU
		{BC091E31-6475-4D96-ADA4-51CDECC08791}.Release|Any CPU.Build.0 = Release|Any CPU
		{6E61EC2D-6A27-46FE-A314-F03D58BD9A39}.Debug|Any CPU.ActiveCfg = Debug|Any CPU
		{6E61EC2D-6A27-46FE-A314-F03D58BD9A39}.Debug|Any CPU.Build.0 = Debug|Any CPU
		{6E61EC2D-6A27-46FE-A314-F03D58BD9A39}.Release|Any CPU.ActiveCfg = Release|Any CPU
		{6E61EC2D-6A27-46FE-A314-F03D58BD9A39}.Release|Any CPU.Build.0 = Release|Any CPU
		{4D2971E4-01C3-465C-8492-017381876538}.Debug|Any CPU.ActiveCfg = Debug|Any CPU
		{4D2971E4-01C3-465C-8492-017381876538}.Debug|Any CPU.Build.0 = Debug|Any CPU
		{4D2971E4-01C3-465C-8492-017381876538}.Release|Any CPU.ActiveCfg = Release|Any CPU
		{4D2971E4-01C3-465C-8492-017381876538}.Release|Any CPU.Build.0 = Release|Any CPU
		{7748483C-E214-4E00-A974-1B8A3BE99CBE}.Debug|Any CPU.ActiveCfg = Debug|Any CPU
		{7748483C-E214-4E00-A974-1B8A3BE99CBE}.Debug|Any CPU.Build.0 = Debug|Any CPU
		{7748483C-E214-4E00-A974-1B8A3BE99CBE}.Release|Any CPU.ActiveCfg = Release|Any CPU
		{7748483C-E214-4E00-A974-1B8A3BE99CBE}.Release|Any CPU.Build.0 = Release|Any CPU
		{DA76787D-38C4-485B-8A4D-B8975E41174B}.Debug|Any CPU.ActiveCfg = Debug|Any CPU
		{DA76787D-38C4-485B-8A4D-B8975E41174B}.Debug|Any CPU.Build.0 = Debug|Any CPU
		{DA76787D-38C4-485B-8A4D-B8975E41174B}.Release|Any CPU.ActiveCfg = Release|Any CPU
		{DA76787D-38C4-485B-8A4D-B8975E41174B}.Release|Any CPU.Build.0 = Release|Any CPU
	EndGlobalSection
	GlobalSection(SolutionProperties) = preSolution
		HideSolutionNode = FALSE
	EndGlobalSection
	GlobalSection(NestedProjects) = preSolution
		{4E1F83A8-6E79-47E4-AE62-C693627BBFD4} = {D04F48C6-1AEB-408F-B10D-2D03B6E372D5}
		{AD865925-24AC-4919-803A-6A8B81BCE07C} = {D04F48C6-1AEB-408F-B10D-2D03B6E372D5}
		{BC091E31-6475-4D96-ADA4-51CDECC08791} = {3B9C5FFE-9419-4C9A-9FBC-57F871F17712}
		{6E61EC2D-6A27-46FE-A314-F03D58BD9A39} = {3A64E71D-3137-4ADA-8A46-B6CB10FA48C0}
		{4D2971E4-01C3-465C-8492-017381876538} = {89444506-C907-4862-838D-8ACDDA1F0928}
		{7748483C-E214-4E00-A974-1B8A3BE99CBE} = {89444506-C907-4862-838D-8ACDDA1F0928}
		{DA76787D-38C4-485B-8A4D-B8975E41174B} = {DE4647E0-7703-4A34-919F-F703DBAE50BD}
	EndGlobalSection
	GlobalSection(ExtensibilityGlobals) = postSolution
		SolutionGuid = {EA62A650-B8DF-48B5-B95D-3C8D9507144E}
	EndGlobalSection
EndGlobal
